
Microsoft Visual Studio Solution File, Format Version 12.00
# Visual Studio 15
Project("{FAE04EC0-301F-11D3-BF4B-00C04F79EFBC}") = "VuforiaScripts", "VuforiaScripts.csproj", "{8B93DD44-A0D6-BA7F-98D5-6691F4046C66}"
EndProject
Project("{FAE04EC0-301F-11D3-BF4B-00C04F79EFBC}") = "Assembly-CSharp", "Assembly-CSharp.csproj", "{D45E3971-59DE-57B5-9790-F29E44B4D8BE}"
EndProject
Project("{FAE04EC0-301F-11D3-BF4B-00C04F79EFBC}") = "VuforiaEditorScripts", "VuforiaEditorScripts.csproj", "{1252B35F-899C-739F-1EC2-D76C1FAE9E87}"
EndProject
Global
	GlobalSection(SolutionConfigurationPlatforms) = preSolution
		Debug|Any CPU = Debug|Any CPU
		Release|Any CPU = Release|Any CPU
	EndGlobalSection
	GlobalSection(ProjectConfigurationPlatforms) = postSolution
		{8B93DD44-A0D6-BA7F-98D5-6691F4046C66}.Debug|Any CPU.ActiveCfg = Debug|Any CPU
		{8B93DD44-A0D6-BA7F-98D5-6691F4046C66}.Debug|Any CPU.Build.0 = Debug|Any CPU
		{8B93DD44-A0D6-BA7F-98D5-6691F4046C66}.Release|Any CPU.ActiveCfg = Release|Any CPU
		{8B93DD44-A0D6-BA7F-98D5-6691F4046C66}.Release|Any CPU.Build.0 = Release|Any CPU
		{D45E3971-59DE-57B5-9790-F29E44B4D8BE}.Debug|Any CPU.ActiveCfg = Debug|Any CPU
		{D45E3971-59DE-57B5-9790-F29E44B4D8BE}.Debug|Any CPU.Build.0 = Debug|Any CPU
		{D45E3971-59DE-57B5-9790-F29E44B4D8BE}.Release|Any CPU.ActiveCfg = Release|Any CPU
		{D45E3971-59DE-57B5-9790-F29E44B4D8BE}.Release|Any CPU.Build.0 = Release|Any CPU
		{1252B35F-899C-739F-1EC2-D76C1FAE9E87}.Debug|Any CPU.ActiveCfg = Debug|Any CPU
		{1252B35F-899C-739F-1EC2-D76C1FAE9E87}.Debug|Any CPU.Build.0 = Debug|Any CPU
		{1252B35F-899C-739F-1EC2-D76C1FAE9E87}.Release|Any CPU.ActiveCfg = Release|Any CPU
		{1252B35F-899C-739F-1EC2-D76C1FAE9E87}.Release|Any CPU.Build.0 = Release|Any CPU
	EndGlobalSection
	GlobalSection(SolutionProperties) = preSolution
		HideSolutionNode = FALSE
	EndGlobalSection
EndGlobal
